
Microsoft Visual Studio Solution File, Format Version 12.00
Project("{FAE04EC0-301F-11D3-BF4B-00C04F79EFBC}") = "JaggedArrayProject", "JaggedArrayProject\JaggedArrayProject.csproj", "{9C7C59F5-CA3E-4F98-A6C6-B45C86E84C37}"
EndProject
Project("{FAE04EC0-301F-11D3-BF4B-00C04F79EFBC}") = "JaggedArrayClassLibrary", "JaggedArrayClassLibrary\JaggedArrayClassLibrary.csproj", "{8346FC57-2D48-4FB0-BDD6-F34B62B43D8D}"
EndProject
Global
	GlobalSection(SolutionConfigurationPlatforms) = preSolution
		Debug|Any CPU = Debug|Any CPU
		Release|Any CPU = Release|Any CPU
	EndGlobalSection
	GlobalSection(ProjectConfigurationPlatforms) = postSolution
		{9C7C59F5-CA3E-4F98-A6C6-B45C86E84C37}.Debug|Any CPU.ActiveCfg = Debug|Any CPU
		{9C7C59F5-CA3E-4F98-A6C6-B45C86E84C37}.Debug|Any CPU.Build.0 = Debug|Any CPU
		{9C7C59F5-CA3E-4F98-A6C6-B45C86E84C37}.Release|Any CPU.ActiveCfg = Release|Any CPU
		{9C7C59F5-CA3E-4F98-A6C6-B45C86E84C37}.Release|Any CPU.Build.0 = Release|Any CPU
		{8346FC57-2D48-4FB0-BDD6-F34B62B43D8D}.Debug|Any CPU.ActiveCfg = Debug|Any CPU
		{8346FC57-2D48-4FB0-BDD6-F34B62B43D8D}.Debug|Any CPU.Build.0 = Debug|Any CPU
		{8346FC57-2D48-4FB0-BDD6-F34B62B43D8D}.Release|Any CPU.ActiveCfg = Release|Any CPU
		{8346FC57-2D48-4FB0-BDD6-F34B62B43D8D}.Release|Any CPU.Build.0 = Release|Any CPU
	EndGlobalSection
EndGlobal
